
Microsoft Visual Studio Solution File, Format Version 12.00
# Visual Studio Version 16
VisualStudioVersion = 16.0.30517.126
MinimumVisualStudioVersion = 10.0.40219.1
Project("{9A19103F-16F7-4668-BE54-9A1E7A4F7556}") = "cipherc", "cipherc\cipherc.csproj", "{D1640197-951F-4C7C-A3D8-3608B5A311A5}"
EndProject
Project("{9A19103F-16F7-4668-BE54-9A1E7A4F7556}") = "XUnitTest", "XUnitTest\XUnitTest.csproj", "{0FDD41CB-DAFE-4355-A178-85F7FC8C55E2}"
EndProject
Project("{2150E333-8FDC-42A3-9474-1A3956D46DE8}") = "Solution Items", "Solution Items", "{F1E17CBB-F1E8-4B57-9213-F69DD23B3406}"
	ProjectSection(SolutionItems) = preProject
		.editorconfig = .editorconfig
		.github\workflows\compile_test.yml = .github\workflows\compile_test.yml
		README.md = README.md
	EndProjectSection
EndProject
Global
	GlobalSection(SolutionConfigurationPlatforms) = preSolution
		Debug|Any CPU = Debug|Any CPU
		Release|Any CPU = Release|Any CPU
	EndGlobalSection
	GlobalSection(ProjectConfigurationPlatforms) = postSolution
		{D1640197-951F-4C7C-A3D8-3608B5A311A5}.Debug|Any CPU.ActiveCfg = Debug|Any CPU
		{D1640197-951F-4C7C-A3D8-3608B5A311A5}.Debug|Any CPU.Build.0 = Debug|Any CPU
		{D1640197-951F-4C7C-A3D8-3608B5A311A5}.Release|Any CPU.ActiveCfg = Release|Any CPU
		{D1640197-951F-4C7C-A3D8-3608B5A311A5}.Release|Any CPU.Build.0 = Release|Any CPU
		{0FDD41CB-DAFE-4355-A178-85F7FC8C55E2}.Debug|Any CPU.ActiveCfg = Debug|Any CPU
		{0FDD41CB-DAFE-4355-A178-85F7FC8C55E2}.Debug|Any CPU.Build.0 = Debug|Any CPU
		{0FDD41CB-DAFE-4355-A178-85F7FC8C55E2}.Release|Any CPU.ActiveCfg = Release|Any CPU
		{0FDD41CB-DAFE-4355-A178-85F7FC8C55E2}.Release|Any CPU.Build.0 = Release|Any CPU
	EndGlobalSection
	GlobalSection(SolutionProperties) = preSolution
		HideSolutionNode = FALSE
	EndGlobalSection
	GlobalSection(ExtensibilityGlobals) = postSolution
		SolutionGuid = {837DD56E-0F92-46F1-B1DE-8C9CD7FAAB91}
	EndGlobalSection
EndGlobal
